// !$*UTF8*$!
{
	archiveVersion = 1;
	classes = {
	};
	objectVersion = 50;
	objects = {

/* Begin PBXBuildFile section */
		18E25FB223AB576400BF88A6 /* Webservice.swift in Sources */ = {isa = PBXBuildFile; fileRef = 18E25FB123AB576400BF88A6 /* Webservice.swift */; };
		18E25FB523AB592800BF88A6 /* Article.swift in Sources */ = {isa = PBXBuildFile; fileRef = 18E25FB423AB592800BF88A6 /* Article.swift */; };
		18E25FB823AB596E00BF88A6 /* ArticleViewModel.swift in Sources */ = {isa = PBXBuildFile; fileRef = 18E25FB723AB596E00BF88A6 /* ArticleViewModel.swift */; };
		18E25FBB23AB5A8100BF88A6 /* ArticleTableViewCell.swift in Sources */ = {isa = PBXBuildFile; fileRef = 18E25FBA23AB5A8100BF88A6 /* ArticleTableViewCell.swift */; };
		18EBE1CD23AB54D000E571BE /* AppDelegate.swift in Sources */ = {isa = PBXBuildFile; fileRef = 18EBE1CC23AB54D000E571BE /* AppDelegate.swift */; };
		18EBE1CF23AB54D000E571BE /* SceneDelegate.swift in Sources */ = {isa = PBXBuildFile; fileRef = 18EBE1CE23AB54D000E571BE /* SceneDelegate.swift */; };
		18EBE1D423AB54D000E571BE /* Main.storyboard in Resources */ = {isa = PBXBuildFile; fileRef = 18EBE1D223AB54D000E571BE /* Main.storyboard */; };
		18EBE1D623AB54D100E571BE /* Assets.xcassets in Resources */ = {isa = PBXBuildFile; fileRef = 18EBE1D523AB54D100E571BE /* Assets.xcassets */; };
		18EBE1D923AB54D100E571BE /* LaunchScreen.storyboard in Resources */ = {isa = PBXBuildFile; fileRef = 18EBE1D723AB54D100E571BE /* LaunchScreen.storyboard */; };
		18EBE1E223AB556E00E571BE /* NewsListTableViewController.swift in Sources */ = {isa = PBXBuildFile; fileRef = 18EBE1E123AB556E00E571BE /* NewsListTableViewController.swift */; };
/* End PBXBuildFile section */

/* Begin PBXFileReference section */
		18E25FB123AB576400BF88A6 /* Webservice.swift */ = {isa = PBXFileReference; lastKnownFileType = sourcecode.swift; path = Webservice.swift; sourceTree = "<group>"; };
		18E25FB423AB592800BF88A6 /* Article.swift */ = {isa = PBXFileReference; lastKnownFileType = sourcecode.swift; path = Article.swift; sourceTree = "<group>"; };
		18E25FB723AB596E00BF88A6 /* ArticleViewModel.swift */ = {isa = PBXFileReference; lastKnownFileType = sourcecode.swift; path = ArticleViewModel.swift; sourceTree = "<group>"; };
		18E25FBA23AB5A8100BF88A6 /* ArticleTableViewCell.swift */ = {isa = PBXFileReference; lastKnownFileType = sourcecode.swift; path = ArticleTableViewCell.swift; sourceTree = "<group>"; };
		18EBE1C923AB54D000E571BE /* GoodNewsMVVM.app */ = {isa = PBXFileReference; explicitFileType = wrapper.application; includeInIndex = 0; path = GoodNewsMVVM.app; sourceTree = BUILT_PRODUCTS_DIR; };
		18EBE1CC23AB54D000E571BE /* AppDelegate.swift */ = {isa = PBXFileReference; lastKnownFileType = sourcecode.swift; path = AppDelegate.swift; sourceTree = "<group>"; };
		18EBE1CE23AB54D000E571BE /* SceneDelegate.swift */ = {isa = PBXFileReference; lastKnownFileType = sourcecode.swift; path = SceneDelegate.swift; sourceTree = "<group>"; };
		18EBE1D323AB54D000E571BE /* Base */ = {isa = PBXFileReference; lastKnownFileType = file.storyboard; name = Base; path = Base.lproj/Main.storyboard; sourceTree = "<group>"; };
		18EBE1D523AB54D100E571BE /* Assets.xcassets */ = {isa = PBXFileReference; lastKnownFileType = folder.assetcatalog; path = Assets.xcassets; sourceTree = "<group>"; };
		18EBE1D823AB54D100E571BE /* Base */ = {isa = PBXFileReference; lastKnownFileType = file.storyboard; name = Base; path = Base.lproj/LaunchScreen.storyboard; sourceTree = "<group>"; };
		18EBE1DA23AB54D100E571BE /* Info.plist */ = {isa = PBXFileReference; lastKnownFileType = text.plist.xml; path = Info.plist; sourceTree = "<group>"; };
		18EBE1E123AB556E00E571BE /* NewsListTableViewController.swift */ = {isa = PBXFileReference; lastKnownFileType = sourcecode.swift; path = NewsListTableViewController.swift; sourceTree = "<group>"; };
/* End PBXFileReference section */

/* Begin PBXFrameworksBuildPhase section */
		18EBE1C623AB54D000E571BE /* Frameworks */ = {
			isa = PBXFrameworksBuildPhase;
			buildActionMask = 2147483647;
			files = (
			);
			runOnlyForDeploymentPostprocessing = 0;
		};
/* End PBXFrameworksBuildPhase section */

/* Begin PBXGroup section */
		18E25FB023AB575100BF88A6 /* Service */ = {
			isa = PBXGroup;
			children = (
				18E25FB123AB576400BF88A6 /* Webservice.swift */,
			);
			path = Service;
			sourceTree = "<group>";
		};
		18E25FB323AB591700BF88A6 /* Models */ = {
			isa = PBXGroup;
			children = (
				18E25FB423AB592800BF88A6 /* Article.swift */,
			);
			path = Models;
			sourceTree = "<group>";
		};
		18E25FB623AB596000BF88A6 /* View Models */ = {
			isa = PBXGroup;
			children = (
				18E25FB723AB596E00BF88A6 /* ArticleViewModel.swift */,
			);
			path = "View Models";
			sourceTree = "<group>";
		};
		18E25FB923AB5A7500BF88A6 /* Cells */ = {
			isa = PBXGroup;
			children = (
				18E25FBA23AB5A8100BF88A6 /* ArticleTableViewCell.swift */,
			);
			path = Cells;
			sourceTree = "<group>";
		};
		18EBE1C023AB54D000E571BE = {
			isa = PBXGroup;
			children = (
				18EBE1CB23AB54D000E571BE /* GoodNewsMVVM */,
				18EBE1CA23AB54D000E571BE /* Products */,
			);
			sourceTree = "<group>";
		};
		18EBE1CA23AB54D000E571BE /* Products */ = {
			isa = PBXGroup;
			children = (
				18EBE1C923AB54D000E571BE /* GoodNewsMVVM.app */,
			);
			name = Products;
			sourceTree = "<group>";
		};
		18EBE1CB23AB54D000E571BE /* GoodNewsMVVM */ = {
			isa = PBXGroup;
			children = (
				18E25FB923AB5A7500BF88A6 /* Cells */,
				18E25FB623AB596000BF88A6 /* View Models */,
				18E25FB323AB591700BF88A6 /* Models */,
				18E25FB023AB575100BF88A6 /* Service */,
				18EBE1E023AB554B00E571BE /* Controllers */,
				18EBE1CC23AB54D000E571BE /* AppDelegate.swift */,
				18EBE1CE23AB54D000E571BE /* SceneDelegate.swift */,
				18EBE1D223AB54D000E571BE /* Main.storyboard */,
				18EBE1D523AB54D100E571BE /* Assets.xcassets */,
				18EBE1D723AB54D100E571BE /* LaunchScreen.storyboard */,
				18EBE1DA23AB54D100E571BE /* Info.plist */,
			);
			path = GoodNewsMVVM;
			sourceTree = "<group>";
		};
		18EBE1E023AB554B00E571BE /* Controllers */ = {
			isa = PBXGroup;
			children = (
				18EBE1E123AB556E00E571BE /* NewsListTableViewController.swift */,
			);
			path = Controllers;
			sourceTree = "<group>";
		};
/* End PBXGroup section */

/* Begin PBXNativeTarget section */
		18EBE1C823AB54D000E571BE /* GoodNewsMVVM */ = {
			isa = PBXNativeTarget;
			buildConfigurationList = 18EBE1DD23AB54D100E571BE /* Build configuration list for PBXNativeTarget "GoodNewsMVVM" */;
			buildPhases = (
				18EBE1C523AB54D000E571BE /* Sources */,
				18EBE1C623AB54D000E571BE /* Frameworks */,
				18EBE1C723AB54D000E571BE /* Resources */,
			);
			buildRules = (
			);
			dependencies = (
			);
			name = GoodNewsMVVM;
			productName = GoodNewsMVVM;
			productReference = 18EBE1C923AB54D000E571BE /* GoodNewsMVVM.app */;
			productType = "com.apple.product-type.application";
		};
/* End PBXNativeTarget section */

/* Begin PBXProject section */
		18EBE1C123AB54D000E571BE /* Project object */ = {
			isa = PBXProject;
			attributes = {
				LastSwiftUpdateCheck = 1110;
				LastUpgradeCheck = 1110;
				ORGANIZATIONNAME = JeongminKim;
				TargetAttributes = {
					18EBE1C823AB54D000E571BE = {
						CreatedOnToolsVersion = 11.1;
					};
				};
			};
			buildConfigurationList = 18EBE1C423AB54D000E571BE /* Build configuration list for PBXProject "GoodNewsMVVM" */;
			compatibilityVersion = "Xcode 9.3";
			developmentRegion = en;
			hasScannedForEncodings = 0;
			knownRegions = (
				en,
				Base,
			);
			mainGroup = 18EBE1C023AB54D000E571BE;
			productRefGroup = 18EBE1CA23AB54D000E571BE /* Products */;
			projectDirPath = "";
			projectRoot = "";
			targets = (
				18EBE1C823AB54D000E571BE /* GoodNewsMVVM */,
			);
		};
/* End PBXProject section */

/* Begin PBXResourcesBuildPhase section */
		18EBE1C723AB54D000E571BE /* Resources */ = {
			isa = PBXResourcesBuildPhase;
			buildActionMask = 2147483647;
			files = (
				18EBE1D923AB54D100E571BE /* LaunchScreen.storyboard in Resources */,
				18EBE1D623AB54D100E571BE /* Assets.xcassets in Resources */,
				18EBE1D423AB54D000E571BE /* Main.storyboard in Resources */,
			);
			runOnlyForDeploymentPostprocessing = 0;
		};
/* End PBXResourcesBuildPhase section */

/* Begin PBXSourcesBuildPhase section */
		18EBE1C523AB54D000E571BE /* Sources */ = {
			isa = PBXSourcesBuildPhase;
			buildActionMask = 2147483647;
			files = (
				18EBE1CD23AB54D000E571BE /* AppDelegate.swift in Sources */,
				18EBE1E223AB556E00E571BE /* NewsListTableViewController.swift in Sources */,
				18E25FB223AB576400BF88A6 /* Webservice.swift in Sources */,
				18E25FB823AB596E00BF88A6 /* ArticleViewModel.swift in Sources */,
				18EBE1CF23AB54D000E571BE /* SceneDelegate.swift in Sources */,
				18E25FBB23AB5A8100BF88A6 /* ArticleTableViewCell.swift in Sources */,
				18E25FB523AB592800BF88A6 /* Article.swift in Sources */,
			);
			runOnlyForDeploymentPostprocessing = 0;
		};
/* End PBXSourcesBuildPhase section */

/* Begin PBXVariantGroup section */
		18EBE1D223AB54D000E571BE /* Main.storyboard */ = {
			isa = PBXVariantGroup;
			children = (
				18EBE1D323AB54D000E571BE /* Base */,
			);
			name = Main.storyboard;
			sourceTree = "<group>";
		};
		18EBE1D723AB54D100E571BE /* LaunchScreen.storyboard */ = {
			isa = PBXVariantGroup;
			children = (
				18EBE1D823AB54D100E571BE /* Base */,
			);
			name = LaunchScreen.storyboard;
			sourceTree = "<group>";
		};
/* End PBXVariantGroup section */

/* Begin XCBuildConfiguration section */
		18EBE1DB23AB54D100E571BE /* Debug */ = {
			isa = XCBuildConfiguration;
			buildSettings = {
				ALWAYS_SEARCH_USER_PATHS = NO;
				CLANG_ANALYZER_NONNULL = YES;
				CLANG_ANALYZER_NUMBER_OBJECT_CONVERSION = YES_AGGRESSIVE;
				CLANG_CXX_LANGUAGE_STANDARD = "gnu++14";
				CLANG_CXX_LIBRARY = "libc++";
				CLANG_ENABLE_MODULES = YES;
				CLANG_ENABLE_OBJC_ARC = YES;
				CLANG_ENABLE_OBJC_WEAK = YES;
				CLANG_WARN_BLOCK_CAPTURE_AUTORELEASING = YES;
				CLANG_WARN_BOOL_CONVERSION = YES;
				CLANG_WARN_COMMA = YES;
				CLANG_WARN_CONSTANT_CONVERSION = YES;
				CLANG_WARN_DEPRECATED_OBJC_IMPLEMENTATIONS = YES;
				CLANG_WARN_DIRECT_OBJC_ISA_USAGE = YES_ERROR;
				CLANG_WARN_DOCUMENTATION_COMMENTS = YES;
				CLANG_WARN_EMPTY_BODY = YES;
				CLANG_WARN_ENUM_CONVERSION = YES;
				CLANG_WARN_INFINITE_RECURSION = YES;
				CLANG_WARN_INT_CONVERSION = YES;
				CLANG_WARN_NON_LITERAL_NULL_CONVERSION = YES;
				CLANG_WARN_OBJC_IMPLICIT_RETAIN_SELF = YES;
				CLANG_WARN_OBJC_LITERAL_CONVERSION = YES;
				CLANG_WARN_OBJC_ROOT_CLASS = YES_ERROR;
				CLANG_WARN_RANGE_LOOP_ANALYSIS = YES;
				CLANG_WARN_STRICT_PROTOTYPES = YES;
				CLANG_WARN_SUSPICIOUS_MOVE = YES;
				CLANG_WARN_UNGUARDED_AVAILABILITY = YES_AGGRESSIVE;
				CLANG_WARN_UNREACHABLE_CODE = YES;
				CLANG_WARN__DUPLICATE_METHOD_MATCH = YES;
				COPY_PHASE_STRIP = NO;
				DEBUG_INFORMATION_FORMAT = dwarf;
				ENABLE_STRICT_OBJC_MSGSEND = YES;
				ENABLE_TESTABILITY = YES;
				GCC_C_LANGUAGE_STANDARD = gnu11;
				GCC_DYNAMIC_NO_PIC = NO;
				GCC_NO_COMMON_BLOCKS = YES;
				GCC_OPTIMIZATION_LEVEL = 0;
				GCC_PREPROCESSOR_DEFINITIONS = (
					"DEBUG=1",
					"$(inherited)",
				);
				GCC_WARN_64_TO_32_BIT_CONVERSION = YES;
				GCC_WARN_ABOUT_RETURN_TYPE = YES_ERROR;
				GCC_WARN_UNDECLARED_SELECTOR = YES;
				GCC_WARN_UNINITIALIZED_AUTOS = YES_AGGRESSIVE;
				GCC_WARN_UNUSED_FUNCTION = YES;
				GCC_WARN_UNUSED_VARIABLE = YES;
				IPHONEOS_DEPLOYMENT_TARGET = 13.1;
				MTL_ENABLE_DEBUG_INFO = INCLUDE_SOURCE;
				MTL_FAST_MATH = YES;
				ONLY_ACTIVE_ARCH = YES;
				SDKROOT = iphoneos;
				SWIFT_ACTIVE_COMPILATION_CONDITIONS = DEBUG;
				SWIFT_OPTIMIZATION_LEVEL = "-Onone";
			};
			name = Debug;
		};
		18EBE1DC23AB54D100E571BE /* Release */ = {
			isa = XCBuildConfiguration;
			buildSettings = {
				ALWAYS_SEARCH_USER_PATHS = NO;
				CLANG_ANALYZER_NONNULL = YES;
				CLANG_ANALYZER_NUMBER_OBJECT_CONVERSION = YES_AGGRESSIVE;
				CLANG_CXX_LANGUAGE_STANDARD = "gnu++14";
				CLANG_CXX_LIBRARY = "libc++";
				CLANG_ENABLE_MODULES = YES;
				CLANG_ENABLE_OBJC_ARC = YES;
				CLANG_ENABLE_OBJC_WEAK = YES;
				CLANG_WARN_BLOCK_CAPTURE_AUTORELEASING = YES;
				CLANG_WARN_BOOL_CONVERSION = YES;
				CLANG_WARN_COMMA = YES;
				CLANG_WARN_CONSTANT_CONVERSION = YES;
				CLANG_WARN_DEPRECATED_OBJC_IMPLEMENTATIONS = YES;
				CLANG_WARN_DIRECT_OBJC_ISA_USAGE = YES_ERROR;
				CLANG_WARN_DOCUMENTATION_COMMENTS = YES;
				CLANG_WARN_EMPTY_BODY = YES;
				CLANG_WARN_ENUM_CONVERSION = YES;
				CLANG_WARN_INFINITE_RECURSION = YES;
				CLANG_WARN_INT_CONVERSION = YES;
				CLANG_WARN_NON_LITERAL_NULL_CONVERSION = YES;
				CLANG_WARN_OBJC_IMPLICIT_RETAIN_SELF = YES;
				CLANG_WARN_OBJC_LITERAL_CONVERSION = YES;
				CLANG_WARN_OBJC_ROOT_CLASS = YES_ERROR;
				CLANG_WARN_RANGE_LOOP_ANALYSIS = YES;
				CLANG_WARN_STRICT_PROTOTYPES = YES;
				CLANG_WARN_SUSPICIOUS_MOVE = YES;
				CLANG_WARN_UNGUARDED_AVAILABILITY = YES_AGGRESSIVE;
				CLANG_WARN_UNREACHABLE_CODE = YES;
				CLANG_WARN__DUPLICATE_METHOD_MATCH = YES;
				COPY_PHASE_STRIP = NO;
				DEBUG_INFORMATION_FORMAT = "dwarf-with-dsym";
				ENABLE_NS_ASSERTIONS = NO;
				ENABLE_STRICT_OBJC_MSGSEND = YES;
				GCC_C_LANGUAGE_STANDARD = gnu11;
				GCC_NO_COMMON_BLOCKS = YES;
				GCC_WARN_64_TO_32_BIT_CONVERSION = YES;
				GCC_WARN_ABOUT_RETURN_TYPE = YES_ERROR;
				GCC_WARN_UNDECLARED_SELECTOR = YES;
				GCC_WARN_UNINITIALIZED_AUTOS = YES_AGGRESSIVE;
				GCC_WARN_UNUSED_FUNCTION = YES;
				GCC_WARN_UNUSED_VARIABLE = YES;
				IPHONEOS_DEPLOYMENT_TARGET = 13.1;
				MTL_ENABLE_DEBUG_INFO = NO;
				MTL_FAST_MATH = YES;
				SDKROOT = iphoneos;
				SWIFT_COMPILATION_MODE = wholemodule;
				SWIFT_OPTIMIZATION_LEVEL = "-O";
				VALIDATE_PRODUCT = YES;
			};
			name = Release;
		};
		18EBE1DE23AB54D100E571BE /* Debug */ = {
			isa = XCBuildConfiguration;
			buildSettings = {
				ASSETCATALOG_COMPILER_APPICON_NAME = AppIcon;
				CODE_SIGN_STYLE = Automatic;
				DEVELOPMENT_TEAM = 4FTFKXF8N5;
				INFOPLIST_FILE = GoodNewsMVVM/Info.plist;
				LD_RUNPATH_SEARCH_PATHS = (
					"$(inherited)",
					"@executable_path/Frameworks",
				);
				PRODUCT_BUNDLE_IDENTIFIER = com.JeongminKim.GoodNewsMVVM;
				PRODUCT_NAME = "$(TARGET_NAME)";
				SWIFT_VERSION = 5.0;
				TARGETED_DEVICE_FAMILY = "1,2";
			};
			name = Debug;
		};
		18EBE1DF23AB54D100E571BE /* Release */ = {
			isa = XCBuildConfiguration;
			buildSettings = {
				ASSETCATALOG_COMPILER_APPICON_NAME = AppIcon;
				CODE_SIGN_STYLE = Automatic;
				DEVELOPMENT_TEAM = 4FTFKXF8N5;
				INFOPLIST_FILE = GoodNewsMVVM/Info.plist;
				LD_RUNPATH_SEARCH_PATHS = (
					"$(inherited)",
					"@executable_path/Frameworks",
				);
				PRODUCT_BUNDLE_IDENTIFIER = com.JeongminKim.GoodNewsMVVM;
				PRODUCT_NAME = "$(TARGET_NAME)";
				SWIFT_VERSION = 5.0;
				TARGETED_DEVICE_FAMILY = "1,2";
			};
			name = Release;
		};
/* End XCBuildConfiguration section */

/* Begin XCConfigurationList section */
		18EBE1C423AB54D000E571BE /* Build configuration list for PBXProject "GoodNewsMVVM" */ = {
			isa = XCConfigurationList;
			buildConfigurations = (
				18EBE1DB23AB54D100E571BE /* Debug */,
				18EBE1DC23AB54D100E571BE /* Release */,
			);
			defaultConfigurationIsVisible = 0;
			defaultConfigurationName = Release;
		};
		18EBE1DD23AB54D100E571BE /* Build configuration list for PBXNativeTarget "GoodNewsMVVM" */ = {
			isa = XCConfigurationList;
			buildConfigurations = (
				18EBE1DE23AB54D100E571BE /* Debug */,
				18EBE1DF23AB54D100E571BE /* Release */,
			);
			defaultConfigurationIsVisible = 0;
			defaultConfigurationName = Release;
		};
/* End XCConfigurationList section */
	};
	rootObject = 18EBE1C123AB54D000E571BE /* Project object */;
}
